
Microsoft Visual Studio Solution File, Format Version 12.00
# Visual Studio 15
VisualStudioVersion = 15.0.27428.2015
MinimumVisualStudioVersion = 10.0.40219.1
Project("{FAE04EC0-301F-11D3-BF4B-00C04F79EFBC}") = "internalApi", "internalApi\internalApi.csproj", "{8C46E1C8-BF5E-46E6-8634-D0D0B5744BDB}"
EndProject
Global
	GlobalSection(SolutionConfigurationPlatforms) = preSolution
		Debug|Any CPU = Debug|Any CPU
		Release|Any CPU = Release|Any CPU
	EndGlobalSection
	GlobalSection(ProjectConfigurationPlatforms) = postSolution
		{8C46E1C8-BF5E-46E6-8634-D0D0B5744BDB}.Debug|Any CPU.ActiveCfg = Debug|Any CPU
		{8C46E1C8-BF5E-46E6-8634-D0D0B5744BDB}.Debug|Any CPU.Build.0 = Debug|Any CPU
		{8C46E1C8-BF5E-46E6-8634-D0D0B5744BDB}.Release|Any CPU.ActiveCfg = Release|Any CPU
		{8C46E1C8-BF5E-46E6-8634-D0D0B5744BDB}.Release|Any CPU.Build.0 = Release|Any CPU
	EndGlobalSection
	GlobalSection(SolutionProperties) = preSolution
		HideSolutionNode = FALSE
	EndGlobalSection
	GlobalSection(ExtensibilityGlobals) = postSolution
		SolutionGuid = {188F433F-D770-44DD-BA38-9817D59F81FE}
	EndGlobalSection
EndGlobal
